
Microsoft Visual Studio Solution File, Format Version 12.00
# Visual Studio 2013
VisualStudioVersion = 12.0.21005.1
MinimumVisualStudioVersion = 10.0.40219.1
Project("{FAE04EC0-301F-11D3-BF4B-00C04F79EFBC}") = "Presentations", "Presentations\Presentations.csproj", "{71193537-66FF-4C83-BE90-638EF0FF14C8}"
EndProject
Project("{FAE04EC0-301F-11D3-BF4B-00C04F79EFBC}") = "Repository", "Repository\Repository.csproj", "{3E0858E6-B153-4421-84E4-3ED1330E28FF}"
EndProject
Project("{FAE04EC0-301F-11D3-BF4B-00C04F79EFBC}") = "Services", "Services\Services.csproj", "{5D666599-2BA0-4993-A956-E092831042C5}"
EndProject
Project("{2150E333-8FDC-42A3-9474-1A3956D46DE8}") = "Presentation Files", "Presentation Files", "{28036FF8-74C9-4BB9-9D78-BC77EDF57417}"
EndProject
Project("{2150E333-8FDC-42A3-9474-1A3956D46DE8}") = "Repository Files", "Repository Files", "{1A2926C8-E4FE-4B17-8D53-F6FABE40A203}"
EndProject
Project("{2150E333-8FDC-42A3-9474-1A3956D46DE8}") = "Management Servies", "Management Servies", "{7EB50FF2-43DC-4CD2-8D60-32EC093A147E}"
EndProject
Global
	GlobalSection(SolutionConfigurationPlatforms) = preSolution
		Debug|Any CPU = Debug|Any CPU
		Release|Any CPU = Release|Any CPU
	EndGlobalSection
	GlobalSection(ProjectConfigurationPlatforms) = postSolution
		{71193537-66FF-4C83-BE90-638EF0FF14C8}.Debug|Any CPU.ActiveCfg = Debug|Any CPU
		{71193537-66FF-4C83-BE90-638EF0FF14C8}.Debug|Any CPU.Build.0 = Debug|Any CPU
		{71193537-66FF-4C83-BE90-638EF0FF14C8}.Release|Any CPU.ActiveCfg = Release|Any CPU
		{71193537-66FF-4C83-BE90-638EF0FF14C8}.Release|Any CPU.Build.0 = Release|Any CPU
		{3E0858E6-B153-4421-84E4-3ED1330E28FF}.Debug|Any CPU.ActiveCfg = Debug|Any CPU
		{3E0858E6-B153-4421-84E4-3ED1330E28FF}.Debug|Any CPU.Build.0 = Debug|Any CPU
		{3E0858E6-B153-4421-84E4-3ED1330E28FF}.Release|Any CPU.ActiveCfg = Release|Any CPU
		{3E0858E6-B153-4421-84E4-3ED1330E28FF}.Release|Any CPU.Build.0 = Release|Any CPU
		{5D666599-2BA0-4993-A956-E092831042C5}.Debug|Any CPU.ActiveCfg = Debug|Any CPU
		{5D666599-2BA0-4993-A956-E092831042C5}.Debug|Any CPU.Build.0 = Debug|Any CPU
		{5D666599-2BA0-4993-A956-E092831042C5}.Release|Any CPU.ActiveCfg = Release|Any CPU
		{5D666599-2BA0-4993-A956-E092831042C5}.Release|Any CPU.Build.0 = Release|Any CPU
	EndGlobalSection
	GlobalSection(SolutionProperties) = preSolution
		HideSolutionNode = FALSE
	EndGlobalSection
	GlobalSection(NestedProjects) = preSolution
		{71193537-66FF-4C83-BE90-638EF0FF14C8} = {28036FF8-74C9-4BB9-9D78-BC77EDF57417}
		{3E0858E6-B153-4421-84E4-3ED1330E28FF} = {1A2926C8-E4FE-4B17-8D53-F6FABE40A203}
		{5D666599-2BA0-4993-A956-E092831042C5} = {7EB50FF2-43DC-4CD2-8D60-32EC093A147E}
	EndGlobalSection
EndGlobal
